
Microsoft Visual Studio Solution File, Format Version 12.00
# Visual Studio Version 16
VisualStudioVersion = 16.0.29728.190
MinimumVisualStudioVersion = 10.0.40219.1
Project("{FAE04EC0-301F-11D3-BF4B-00C04F79EFBC}") = "proyecto", "proyecto\proyecto.csproj", "{E341B70C-C7D1-407C-98AB-E60016CC6778}"
EndProject
Global
	GlobalSection(SolutionConfigurationPlatforms) = preSolution
		Debug|Any CPU = Debug|Any CPU
		Release|Any CPU = Release|Any CPU
	EndGlobalSection
	GlobalSection(ProjectConfigurationPlatforms) = postSolution
		{E341B70C-C7D1-407C-98AB-E60016CC6778}.Debug|Any CPU.ActiveCfg = Debug|Any CPU
		{E341B70C-C7D1-407C-98AB-E60016CC6778}.Debug|Any CPU.Build.0 = Debug|Any CPU
		{E341B70C-C7D1-407C-98AB-E60016CC6778}.Release|Any CPU.ActiveCfg = Release|Any CPU
		{E341B70C-C7D1-407C-98AB-E60016CC6778}.Release|Any CPU.Build.0 = Release|Any CPU
	EndGlobalSection
	GlobalSection(SolutionProperties) = preSolution
		HideSolutionNode = FALSE
	EndGlobalSection
	GlobalSection(ExtensibilityGlobals) = postSolution
		SolutionGuid = {6FDA1617-ACF6-4EF2-8D1A-735BD8D6F931}
	EndGlobalSection
EndGlobal
